// !$*UTF8*$!
{
	archiveVersion = 1;
	classes = {
	};
	objectVersion = 56;
	objects = {

/* Begin PBXBuildFile section */
		7A174A9829CB22E7003A6787 /* KickertrainerApp.swift in Sources */ = {isa = PBXBuildFile; fileRef = 7A174A9729CB22E7003A6787 /* KickertrainerApp.swift */; };
		7A174A9A29CB22E7003A6787 /* ContentView.swift in Sources */ = {isa = PBXBuildFile; fileRef = 7A174A9929CB22E7003A6787 /* ContentView.swift */; };
		7A174A9C29CB22E8003A6787 /* Assets.xcassets in Resources */ = {isa = PBXBuildFile; fileRef = 7A174A9B29CB22E8003A6787 /* Assets.xcassets */; };
		7A174A9F29CB22E8003A6787 /* Preview Assets.xcassets in Resources */ = {isa = PBXBuildFile; fileRef = 7A174A9E29CB22E8003A6787 /* Preview Assets.xcassets */; };
		7A174AA929CB22E9003A6787 /* KickertrainerTests.swift in Sources */ = {isa = PBXBuildFile; fileRef = 7A174AA829CB22E9003A6787 /* KickertrainerTests.swift */; };
		7A174AB329CB22E9003A6787 /* KickertrainerUITests.swift in Sources */ = {isa = PBXBuildFile; fileRef = 7A174AB229CB22E9003A6787 /* KickertrainerUITests.swift */; };
		7A174AB529CB22E9003A6787 /* KickertrainerUITestsLaunchTests.swift in Sources */ = {isa = PBXBuildFile; fileRef = 7A174AB429CB22E9003A6787 /* KickertrainerUITestsLaunchTests.swift */; };
		7A3E4C7D2A20B2F7002AA007 /* Kickertrainer.swift in Sources */ = {isa = PBXBuildFile; fileRef = 7A3E4C7C2A20B2F7002AA007 /* Kickertrainer.swift */; };
		7A3E4C7F2A20B422002AA007 /* GoalPosition.swift in Sources */ = {isa = PBXBuildFile; fileRef = 7A3E4C7E2A20B422002AA007 /* GoalPosition.swift */; };
		7A3E4C812A20B649002AA007 /* KickertrainerViewModel.swift in Sources */ = {isa = PBXBuildFile; fileRef = 7A3E4C802A20B649002AA007 /* KickertrainerViewModel.swift */; };
/* End PBXBuildFile section */

/* Begin PBXContainerItemProxy section */
		7A174AA529CB22E9003A6787 /* PBXContainerItemProxy */ = {
			isa = PBXContainerItemProxy;
			containerPortal = 7A174A8C29CB22E7003A6787 /* Project object */;
			proxyType = 1;
			remoteGlobalIDString = 7A174A9329CB22E7003A6787;
			remoteInfo = Kickertrainer;
		};
		7A174AAF29CB22E9003A6787 /* PBXContainerItemProxy */ = {
			isa = PBXContainerItemProxy;
			containerPortal = 7A174A8C29CB22E7003A6787 /* Project object */;
			proxyType = 1;
			remoteGlobalIDString = 7A174A9329CB22E7003A6787;
			remoteInfo = Kickertrainer;
		};
/* End PBXContainerItemProxy section */

/* Begin PBXFileReference section */
		7A174A9429CB22E7003A6787 /* Kickertrainer.app */ = {isa = PBXFileReference; explicitFileType = wrapper.application; includeInIndex = 0; path = Kickertrainer.app; sourceTree = BUILT_PRODUCTS_DIR; };
		7A174A9729CB22E7003A6787 /* KickertrainerApp.swift */ = {isa = PBXFileReference; lastKnownFileType = sourcecode.swift; path = KickertrainerApp.swift; sourceTree = "<group>"; };
		7A174A9929CB22E7003A6787 /* ContentView.swift */ = {isa = PBXFileReference; lastKnownFileType = sourcecode.swift; path = ContentView.swift; sourceTree = "<group>"; };
		7A174A9B29CB22E8003A6787 /* Assets.xcassets */ = {isa = PBXFileReference; lastKnownFileType = folder.assetcatalog; path = Assets.xcassets; sourceTree = "<group>"; };
		7A174A9E29CB22E8003A6787 /* Preview Assets.xcassets */ = {isa = PBXFileReference; lastKnownFileType = folder.assetcatalog; path = "Preview Assets.xcassets"; sourceTree = "<group>"; };
		7A174AA429CB22E9003A6787 /* KickertrainerTests.xctest */ = {isa = PBXFileReference; explicitFileType = wrapper.cfbundle; includeInIndex = 0; path = KickertrainerTests.xctest; sourceTree = BUILT_PRODUCTS_DIR; };
		7A174AA829CB22E9003A6787 /* KickertrainerTests.swift */ = {isa = PBXFileReference; lastKnownFileType = sourcecode.swift; path = KickertrainerTests.swift; sourceTree = "<group>"; };
		7A174AAE29CB22E9003A6787 /* KickertrainerUITests.xctest */ = {isa = PBXFileReference; explicitFileType = wrapper.cfbundle; includeInIndex = 0; path = KickertrainerUITests.xctest; sourceTree = BUILT_PRODUCTS_DIR; };
		7A174AB229CB22E9003A6787 /* KickertrainerUITests.swift */ = {isa = PBXFileReference; lastKnownFileType = sourcecode.swift; path = KickertrainerUITests.swift; sourceTree = "<group>"; };
		7A174AB429CB22E9003A6787 /* KickertrainerUITestsLaunchTests.swift */ = {isa = PBXFileReference; lastKnownFileType = sourcecode.swift; path = KickertrainerUITestsLaunchTests.swift; sourceTree = "<group>"; };
		7A3E4C7C2A20B2F7002AA007 /* Kickertrainer.swift */ = {isa = PBXFileReference; lastKnownFileType = sourcecode.swift; path = Kickertrainer.swift; sourceTree = "<group>"; };
		7A3E4C7E2A20B422002AA007 /* GoalPosition.swift */ = {isa = PBXFileReference; lastKnownFileType = sourcecode.swift; path = GoalPosition.swift; sourceTree = "<group>"; };
		7A3E4C802A20B649002AA007 /* KickertrainerViewModel.swift */ = {isa = PBXFileReference; lastKnownFileType = sourcecode.swift; path = KickertrainerViewModel.swift; sourceTree = "<group>"; };
/* End PBXFileReference section */

/* Begin PBXFrameworksBuildPhase section */
		7A174A9129CB22E7003A6787 /* Frameworks */ = {
			isa = PBXFrameworksBuildPhase;
			buildActionMask = 2147483647;
			files = (
			);
			runOnlyForDeploymentPostprocessing = 0;
		};
		7A174AA129CB22E9003A6787 /* Frameworks */ = {
			isa = PBXFrameworksBuildPhase;
			buildActionMask = 2147483647;
			files = (
			);
			runOnlyForDeploymentPostprocessing = 0;
		};
		7A174AAB29CB22E9003A6787 /* Frameworks */ = {
			isa = PBXFrameworksBuildPhase;
			buildActionMask = 2147483647;
			files = (
			);
			runOnlyForDeploymentPostprocessing = 0;
		};
/* End PBXFrameworksBuildPhase section */

/* Begin PBXGroup section */
		7A174A8B29CB22E7003A6787 = {
			isa = PBXGroup;
			children = (
				7A174A9629CB22E7003A6787 /* Kickertrainer */,
				7A174AA729CB22E9003A6787 /* KickertrainerTests */,
				7A174AB129CB22E9003A6787 /* KickertrainerUITests */,
				7A174A9529CB22E7003A6787 /* Products */,
			);
			sourceTree = "<group>";
		};
		7A174A9529CB22E7003A6787 /* Products */ = {
			isa = PBXGroup;
			children = (
				7A174A9429CB22E7003A6787 /* Kickertrainer.app */,
				7A174AA429CB22E9003A6787 /* KickertrainerTests.xctest */,
				7A174AAE29CB22E9003A6787 /* KickertrainerUITests.xctest */,
			);
			name = Products;
			sourceTree = "<group>";
		};
		7A174A9629CB22E7003A6787 /* Kickertrainer */ = {
			isa = PBXGroup;
			children = (
				7A174A9729CB22E7003A6787 /* KickertrainerApp.swift */,
				7A174A9929CB22E7003A6787 /* ContentView.swift */,
				7A3E4C7C2A20B2F7002AA007 /* Kickertrainer.swift */,
				7A3E4C7E2A20B422002AA007 /* GoalPosition.swift */,
				7A3E4C802A20B649002AA007 /* KickertrainerViewModel.swift */,
				7A174A9B29CB22E8003A6787 /* Assets.xcassets */,
				7A174A9D29CB22E8003A6787 /* Preview Content */,
			);
			path = Kickertrainer;
			sourceTree = "<group>";
		};
		7A174A9D29CB22E8003A6787 /* Preview Content */ = {
			isa = PBXGroup;
			children = (
				7A174A9E29CB22E8003A6787 /* Preview Assets.xcassets */,
			);
			path = "Preview Content";
			sourceTree = "<group>";
		};
		7A174AA729CB22E9003A6787 /* KickertrainerTests */ = {
			isa = PBXGroup;
			children = (
				7A174AA829CB22E9003A6787 /* KickertrainerTests.swift */,
			);
			path = KickertrainerTests;
			sourceTree = "<group>";
		};
		7A174AB129CB22E9003A6787 /* KickertrainerUITests */ = {
			isa = PBXGroup;
			children = (
				7A174AB229CB22E9003A6787 /* KickertrainerUITests.swift */,
				7A174AB429CB22E9003A6787 /* KickertrainerUITestsLaunchTests.swift */,
			);
			path = KickertrainerUITests;
			sourceTree = "<group>";
		};
/* End PBXGroup section */

/* Begin PBXNativeTarget section */
		7A174A9329CB22E7003A6787 /* Kickertrainer */ = {
			isa = PBXNativeTarget;
			buildConfigurationList = 7A174AB829CB22E9003A6787 /* Build configuration list for PBXNativeTarget "Kickertrainer" */;
			buildPhases = (
				7A174A9029CB22E7003A6787 /* Sources */,
				7A174A9129CB22E7003A6787 /* Frameworks */,
				7A174A9229CB22E7003A6787 /* Resources */,
			);
			buildRules = (
			);
			dependencies = (
			);
			name = Kickertrainer;
			productName = Kickertrainer;
			productReference = 7A174A9429CB22E7003A6787 /* Kickertrainer.app */;
			productType = "com.apple.product-type.application";
		};
		7A174AA329CB22E9003A6787 /* KickertrainerTests */ = {
			isa = PBXNativeTarget;
			buildConfigurationList = 7A174ABB29CB22E9003A6787 /* Build configuration list for PBXNativeTarget "KickertrainerTests" */;
			buildPhases = (
				7A174AA029CB22E9003A6787 /* Sources */,
				7A174AA129CB22E9003A6787 /* Frameworks */,
				7A174AA229CB22E9003A6787 /* Resources */,
			);
			buildRules = (
			);
			dependencies = (
				7A174AA629CB22E9003A6787 /* PBXTargetDependency */,
			);
			name = KickertrainerTests;
			productName = KickertrainerTests;
			productReference = 7A174AA429CB22E9003A6787 /* KickertrainerTests.xctest */;
			productType = "com.apple.product-type.bundle.unit-test";
		};
		7A174AAD29CB22E9003A6787 /* KickertrainerUITests */ = {
			isa = PBXNativeTarget;
			buildConfigurationList = 7A174ABE29CB22E9003A6787 /* Build configuration list for PBXNativeTarget "KickertrainerUITests" */;
			buildPhases = (
				7A174AAA29CB22E9003A6787 /* Sources */,
				7A174AAB29CB22E9003A6787 /* Frameworks */,
				7A174AAC29CB22E9003A6787 /* Resources */,
			);
			buildRules = (
			);
			dependencies = (
				7A174AB029CB22E9003A6787 /* PBXTargetDependency */,
			);
			name = KickertrainerUITests;
			productName = KickertrainerUITests;
			productReference = 7A174AAE29CB22E9003A6787 /* KickertrainerUITests.xctest */;
			productType = "com.apple.product-type.bundle.ui-testing";
		};
/* End PBXNativeTarget section */

/* Begin PBXProject section */
		7A174A8C29CB22E7003A6787 /* Project object */ = {
			isa = PBXProject;
			attributes = {
				BuildIndependentTargetsInParallel = 1;
				LastSwiftUpdateCheck = 1420;
				LastUpgradeCheck = 1420;
				TargetAttributes = {
					7A174A9329CB22E7003A6787 = {
						CreatedOnToolsVersion = 14.2;
					};
					7A174AA329CB22E9003A6787 = {
						CreatedOnToolsVersion = 14.2;
						TestTargetID = 7A174A9329CB22E7003A6787;
					};
					7A174AAD29CB22E9003A6787 = {
						CreatedOnToolsVersion = 14.2;
						TestTargetID = 7A174A9329CB22E7003A6787;
					};
				};
			};
			buildConfigurationList = 7A174A8F29CB22E7003A6787 /* Build configuration list for PBXProject "Kickertrainer" */;
			compatibilityVersion = "Xcode 14.0";
			developmentRegion = en;
			hasScannedForEncodings = 0;
			knownRegions = (
				en,
				Base,
			);
			mainGroup = 7A174A8B29CB22E7003A6787;
			productRefGroup = 7A174A9529CB22E7003A6787 /* Products */;
			projectDirPath = "";
			projectRoot = "";
			targets = (
				7A174A9329CB22E7003A6787 /* Kickertrainer */,
				7A174AA329CB22E9003A6787 /* KickertrainerTests */,
				7A174AAD29CB22E9003A6787 /* KickertrainerUITests */,
			);
		};
/* End PBXProject section */

/* Begin PBXResourcesBuildPhase section */
		7A174A9229CB22E7003A6787 /* Resources */ = {
			isa = PBXResourcesBuildPhase;
			buildActionMask = 2147483647;
			files = (
				7A174A9F29CB22E8003A6787 /* Preview Assets.xcassets in Resources */,
				7A174A9C29CB22E8003A6787 /* Assets.xcassets in Resources */,
			);
			runOnlyForDeploymentPostprocessing = 0;
		};
		7A174AA229CB22E9003A6787 /* Resources */ = {
			isa = PBXResourcesBuildPhase;
			buildActionMask = 2147483647;
			files = (
			);
			runOnlyForDeploymentPostprocessing = 0;
		};
		7A174AAC29CB22E9003A6787 /* Resources */ = {
			isa = PBXResourcesBuildPhase;
			buildActionMask = 2147483647;
			files = (
			);
			runOnlyForDeploymentPostprocessing = 0;
		};
/* End PBXResourcesBuildPhase section */

/* Begin PBXSourcesBuildPhase section */
		7A174A9029CB22E7003A6787 /* Sources */ = {
			isa = PBXSourcesBuildPhase;
			buildActionMask = 2147483647;
			files = (
				7A3E4C7D2A20B2F7002AA007 /* Kickertrainer.swift in Sources */,
				7A3E4C812A20B649002AA007 /* KickertrainerViewModel.swift in Sources */,
				7A3E4C7F2A20B422002AA007 /* GoalPosition.swift in Sources */,
				7A174A9A29CB22E7003A6787 /* ContentView.swift in Sources */,
				7A174A9829CB22E7003A6787 /* KickertrainerApp.swift in Sources */,
			);
			runOnlyForDeploymentPostprocessing = 0;
		};
		7A174AA029CB22E9003A6787 /* Sources */ = {
			isa = PBXSourcesBuildPhase;
			buildActionMask = 2147483647;
			files = (
				7A174AA929CB22E9003A6787 /* KickertrainerTests.swift in Sources */,
			);
			runOnlyForDeploymentPostprocessing = 0;
		};
		7A174AAA29CB22E9003A6787 /* Sources */ = {
			isa = PBXSourcesBuildPhase;
			buildActionMask = 2147483647;
			files = (
				7A174AB329CB22E9003A6787 /* KickertrainerUITests.swift in Sources */,
				7A174AB529CB22E9003A6787 /* KickertrainerUITestsLaunchTests.swift in Sources */,
			);
			runOnlyForDeploymentPostprocessing = 0;
		};
/* End PBXSourcesBuildPhase section */

/* Begin PBXTargetDependency section */
		7A174AA629CB22E9003A6787 /* PBXTargetDependency */ = {
			isa = PBXTargetDependency;
			target = 7A174A9329CB22E7003A6787 /* Kickertrainer */;
			targetProxy = 7A174AA529CB22E9003A6787 /* PBXContainerItemProxy */;
		};
		7A174AB029CB22E9003A6787 /* PBXTargetDependency */ = {
			isa = PBXTargetDependency;
			target = 7A174A9329CB22E7003A6787 /* Kickertrainer */;
			targetProxy = 7A174AAF29CB22E9003A6787 /* PBXContainerItemProxy */;
		};
/* End PBXTargetDependency section */

/* Begin XCBuildConfiguration section */
		7A174AB629CB22E9003A6787 /* Debug */ = {
			isa = XCBuildConfiguration;
			buildSettings = {
				ALWAYS_SEARCH_USER_PATHS = NO;
				CLANG_ANALYZER_NONNULL = YES;
				CLANG_ANALYZER_NUMBER_OBJECT_CONVERSION = YES_AGGRESSIVE;
				CLANG_CXX_LANGUAGE_STANDARD = "gnu++20";
				CLANG_ENABLE_MODULES = YES;
				CLANG_ENABLE_OBJC_ARC = YES;
				CLANG_ENABLE_OBJC_WEAK = YES;
				CLANG_WARN_BLOCK_CAPTURE_AUTORELEASING = YES;
				CLANG_WARN_BOOL_CONVERSION = YES;
				CLANG_WARN_COMMA = YES;
				CLANG_WARN_CONSTANT_CONVERSION = YES;
				CLANG_WARN_DEPRECATED_OBJC_IMPLEMENTATIONS = YES;
				CLANG_WARN_DIRECT_OBJC_ISA_USAGE = YES_ERROR;
				CLANG_WARN_DOCUMENTATION_COMMENTS = YES;
				CLANG_WARN_EMPTY_BODY = YES;
				CLANG_WARN_ENUM_CONVERSION = YES;
				CLANG_WARN_INFINITE_RECURSION = YES;
				CLANG_WARN_INT_CONVERSION = YES;
				CLANG_WARN_NON_LITERAL_NULL_CONVERSION = YES;
				CLANG_WARN_OBJC_IMPLICIT_RETAIN_SELF = YES;
				CLANG_WARN_OBJC_LITERAL_CONVERSION = YES;
				CLANG_WARN_OBJC_ROOT_CLASS = YES_ERROR;
				CLANG_WARN_QUOTED_INCLUDE_IN_FRAMEWORK_HEADER = YES;
				CLANG_WARN_RANGE_LOOP_ANALYSIS = YES;
				CLANG_WARN_STRICT_PROTOTYPES = YES;
				CLANG_WARN_SUSPICIOUS_MOVE = YES;
				CLANG_WARN_UNGUARDED_AVAILABILITY = YES_AGGRESSIVE;
				CLANG_WARN_UNREACHABLE_CODE = YES;
				CLANG_WARN__DUPLICATE_METHOD_MATCH = YES;
				COPY_PHASE_STRIP = NO;
				DEBUG_INFORMATION_FORMAT = dwarf;
				ENABLE_STRICT_OBJC_MSGSEND = YES;
				ENABLE_TESTABILITY = YES;
				GCC_C_LANGUAGE_STANDARD = gnu11;
				GCC_DYNAMIC_NO_PIC = NO;
				GCC_NO_COMMON_BLOCKS = YES;
				GCC_OPTIMIZATION_LEVEL = 0;
				GCC_PREPROCESSOR_DEFINITIONS = (
					"DEBUG=1",
					"$(inherited)",
				);
				GCC_WARN_64_TO_32_BIT_CONVERSION = YES;
				GCC_WARN_ABOUT_RETURN_TYPE = YES_ERROR;
				GCC_WARN_UNDECLARED_SELECTOR = YES;
				GCC_WARN_UNINITIALIZED_AUTOS = YES_AGGRESSIVE;
				GCC_WARN_UNUSED_FUNCTION = YES;
				GCC_WARN_UNUSED_VARIABLE = YES;
				IPHONEOS_DEPLOYMENT_TARGET = 16.2;
				MTL_ENABLE_DEBUG_INFO = INCLUDE_SOURCE;
				MTL_FAST_MATH = YES;
				ONLY_ACTIVE_ARCH = YES;
				SDKROOT = iphoneos;
				SWIFT_ACTIVE_COMPILATION_CONDITIONS = DEBUG;
				SWIFT_OPTIMIZATION_LEVEL = "-Onone";
			};
			name = Debug;
		};
		7A174AB729CB22E9003A6787 /* Release */ = {
			isa = XCBuildConfiguration;
			buildSettings = {
				ALWAYS_SEARCH_USER_PATHS = NO;
				CLANG_ANALYZER_NONNULL = YES;
				CLANG_ANALYZER_NUMBER_OBJECT_CONVERSION = YES_AGGRESSIVE;
				CLANG_CXX_LANGUAGE_STANDARD = "gnu++20";
				CLANG_ENABLE_MODULES = YES;
				CLANG_ENABLE_OBJC_ARC = YES;
				CLANG_ENABLE_OBJC_WEAK = YES;
				CLANG_WARN_BLOCK_CAPTURE_AUTORELEASING = YES;
				CLANG_WARN_BOOL_CONVERSION = YES;
				CLANG_WARN_COMMA = YES;
				CLANG_WARN_CONSTANT_CONVERSION = YES;
				CLANG_WARN_DEPRECATED_OBJC_IMPLEMENTATIONS = YES;
				CLANG_WARN_DIRECT_OBJC_ISA_USAGE = YES_ERROR;
				CLANG_WARN_DOCUMENTATION_COMMENTS = YES;
				CLANG_WARN_EMPTY_BODY = YES;
				CLANG_WARN_ENUM_CONVERSION = YES;
				CLANG_WARN_INFINITE_RECURSION = YES;
				CLANG_WARN_INT_CONVERSION = YES;
				CLANG_WARN_NON_LITERAL_NULL_CONVERSION = YES;
				CLANG_WARN_OBJC_IMPLICIT_RETAIN_SELF = YES;
				CLANG_WARN_OBJC_LITERAL_CONVERSION = YES;
				CLANG_WARN_OBJC_ROOT_CLASS = YES_ERROR;
				CLANG_WARN_QUOTED_INCLUDE_IN_FRAMEWORK_HEADER = YES;
				CLANG_WARN_RANGE_LOOP_ANALYSIS = YES;
				CLANG_WARN_STRICT_PROTOTYPES = YES;
				CLANG_WARN_SUSPICIOUS_MOVE = YES;
				CLANG_WARN_UNGUARDED_AVAILABILITY = YES_AGGRESSIVE;
				CLANG_WARN_UNREACHABLE_CODE = YES;
				CLANG_WARN__DUPLICATE_METHOD_MATCH = YES;
				COPY_PHASE_STRIP = NO;
				DEBUG_INFORMATION_FORMAT = "dwarf-with-dsym";
				ENABLE_NS_ASSERTIONS = NO;
				ENABLE_STRICT_OBJC_MSGSEND = YES;
				GCC_C_LANGUAGE_STANDARD = gnu11;
				GCC_NO_COMMON_BLOCKS = YES;
				GCC_WARN_64_TO_32_BIT_CONVERSION = YES;
				GCC_WARN_ABOUT_RETURN_TYPE = YES_ERROR;
				GCC_WARN_UNDECLARED_SELECTOR = YES;
				GCC_WARN_UNINITIALIZED_AUTOS = YES_AGGRESSIVE;
				GCC_WARN_UNUSED_FUNCTION = YES;
				GCC_WARN_UNUSED_VARIABLE = YES;
				IPHONEOS_DEPLOYMENT_TARGET = 16.2;
				MTL_ENABLE_DEBUG_INFO = NO;
				MTL_FAST_MATH = YES;
				SDKROOT = iphoneos;
				SWIFT_COMPILATION_MODE = wholemodule;
				SWIFT_OPTIMIZATION_LEVEL = "-O";
				VALIDATE_PRODUCT = YES;
			};
			name = Release;
		};
		7A174AB929CB22E9003A6787 /* Debug */ = {
			isa = XCBuildConfiguration;
			buildSettings = {
				ASSETCATALOG_COMPILER_APPICON_NAME = AppIcon;
				ASSETCATALOG_COMPILER_GLOBAL_ACCENT_COLOR_NAME = AccentColor;
				CODE_SIGN_STYLE = Automatic;
				CURRENT_PROJECT_VERSION = 1;
				DEVELOPMENT_ASSET_PATHS = "\"Kickertrainer/Preview Content\"";
				DEVELOPMENT_TEAM = 3TR46LV4W5;
				ENABLE_PREVIEWS = YES;
				GENERATE_INFOPLIST_FILE = YES;
				INFOPLIST_KEY_UIApplicationSceneManifest_Generation = YES;
				INFOPLIST_KEY_UIApplicationSupportsIndirectInputEvents = YES;
				INFOPLIST_KEY_UILaunchScreen_Generation = YES;
				INFOPLIST_KEY_UISupportedInterfaceOrientations = "UIInterfaceOrientationLandscapeLeft UIInterfaceOrientationLandscapeRight";
				INFOPLIST_KEY_UISupportedInterfaceOrientations_iPad = "UIInterfaceOrientationLandscapeLeft UIInterfaceOrientationLandscapeRight UIInterfaceOrientationPortrait UIInterfaceOrientationPortraitUpsideDown";
				LD_RUNPATH_SEARCH_PATHS = (
					"$(inherited)",
					"@executable_path/Frameworks",
				);
				MARKETING_VERSION = 1.0;
				PRODUCT_BUNDLE_IDENTIFIER = kudendev.Kickertrainer;
				PRODUCT_NAME = "$(TARGET_NAME)";
				SWIFT_EMIT_LOC_STRINGS = YES;
				SWIFT_VERSION = 5.0;
				TARGETED_DEVICE_FAMILY = "1,2";
			};
			name = Debug;
		};
		7A174ABA29CB22E9003A6787 /* Release */ = {
			isa = XCBuildConfiguration;
			buildSettings = {
				ASSETCATALOG_COMPILER_APPICON_NAME = AppIcon;
				ASSETCATALOG_COMPILER_GLOBAL_ACCENT_COLOR_NAME = AccentColor;
				CODE_SIGN_STYLE = Automatic;
				CURRENT_PROJECT_VERSION = 1;
				DEVELOPMENT_ASSET_PATHS = "\"Kickertrainer/Preview Content\"";
				DEVELOPMENT_TEAM = 3TR46LV4W5;
				ENABLE_PREVIEWS = YES;
				GENERATE_INFOPLIST_FILE = YES;
				INFOPLIST_KEY_UIApplicationSceneManifest_Generation = YES;
				INFOPLIST_KEY_UIApplicationSupportsIndirectInputEvents = YES;
				INFOPLIST_KEY_UILaunchScreen_Generation = YES;
				INFOPLIST_KEY_UISupportedInterfaceOrientations = "UIInterfaceOrientationLandscapeLeft UIInterfaceOrientationLandscapeRight";
				INFOPLIST_KEY_UISupportedInterfaceOrientations_iPad = "UIInterfaceOrientationLandscapeLeft UIInterfaceOrientationLandscapeRight UIInterfaceOrientationPortrait UIInterfaceOrientationPortraitUpsideDown";
				LD_RUNPATH_SEARCH_PATHS = (
					"$(inherited)",
					"@executable_path/Frameworks",
				);
				MARKETING_VERSION = 1.0;
				PRODUCT_BUNDLE_IDENTIFIER = kudendev.Kickertrainer;
				PRODUCT_NAME = "$(TARGET_NAME)";
				SWIFT_EMIT_LOC_STRINGS = YES;
				SWIFT_VERSION = 5.0;
				TARGETED_DEVICE_FAMILY = "1,2";
			};
			name = Release;
		};
		7A174ABC29CB22E9003A6787 /* Debug */ = {
			isa = XCBuildConfiguration;
			buildSettings = {
				ALWAYS_EMBED_SWIFT_STANDARD_LIBRARIES = YES;
				BUNDLE_LOADER = "$(TEST_HOST)";
				CODE_SIGN_STYLE = Automatic;
				CURRENT_PROJECT_VERSION = 1;
				DEVELOPMENT_TEAM = 3TR46LV4W5;
				GENERATE_INFOPLIST_FILE = YES;
				IPHONEOS_DEPLOYMENT_TARGET = 16.2;
				MARKETING_VERSION = 1.0;
				PRODUCT_BUNDLE_IDENTIFIER = kudendev.KickertrainerTests;
				PRODUCT_NAME = "$(TARGET_NAME)";
				SWIFT_EMIT_LOC_STRINGS = NO;
				SWIFT_VERSION = 5.0;
				TARGETED_DEVICE_FAMILY = "1,2";
				TEST_HOST = "$(BUILT_PRODUCTS_DIR)/Kickertrainer.app/$(BUNDLE_EXECUTABLE_FOLDER_PATH)/Kickertrainer";
			};
			name = Debug;
		};
		7A174ABD29CB22E9003A6787 /* Release */ = {
			isa = XCBuildConfiguration;
			buildSettings = {
				ALWAYS_EMBED_SWIFT_STANDARD_LIBRARIES = YES;
				BUNDLE_LOADER = "$(TEST_HOST)";
				CODE_SIGN_STYLE = Automatic;
				CURRENT_PROJECT_VERSION = 1;
				DEVELOPMENT_TEAM = 3TR46LV4W5;
				GENERATE_INFOPLIST_FILE = YES;
				IPHONEOS_DEPLOYMENT_TARGET = 16.2;
				MARKETING_VERSION = 1.0;
				PRODUCT_BUNDLE_IDENTIFIER = kudendev.KickertrainerTests;
				PRODUCT_NAME = "$(TARGET_NAME)";
				SWIFT_EMIT_LOC_STRINGS = NO;
				SWIFT_VERSION = 5.0;
				TARGETED_DEVICE_FAMILY = "1,2";
				TEST_HOST = "$(BUILT_PRODUCTS_DIR)/Kickertrainer.app/$(BUNDLE_EXECUTABLE_FOLDER_PATH)/Kickertrainer";
			};
			name = Release;
		};
		7A174ABF29CB22E9003A6787 /* Debug */ = {
			isa = XCBuildConfiguration;
			buildSettings = {
				ALWAYS_EMBED_SWIFT_STANDARD_LIBRARIES = YES;
				CODE_SIGN_STYLE = Automatic;
				CURRENT_PROJECT_VERSION = 1;
				DEVELOPMENT_TEAM = 3TR46LV4W5;
				GENERATE_INFOPLIST_FILE = YES;
				MARKETING_VERSION = 1.0;
				PRODUCT_BUNDLE_IDENTIFIER = kudendev.KickertrainerUITests;
				PRODUCT_NAME = "$(TARGET_NAME)";
				SWIFT_EMIT_LOC_STRINGS = NO;
				SWIFT_VERSION = 5.0;
				TARGETED_DEVICE_FAMILY = "1,2";
				TEST_TARGET_NAME = Kickertrainer;
			};
			name = Debug;
		};
		7A174AC029CB22E9003A6787 /* Release */ = {
			isa = XCBuildConfiguration;
			buildSettings = {
				ALWAYS_EMBED_SWIFT_STANDARD_LIBRARIES = YES;
				CODE_SIGN_STYLE = Automatic;
				CURRENT_PROJECT_VERSION = 1;
				DEVELOPMENT_TEAM = 3TR46LV4W5;
				GENERATE_INFOPLIST_FILE = YES;
				MARKETING_VERSION = 1.0;
				PRODUCT_BUNDLE_IDENTIFIER = kudendev.KickertrainerUITests;
				PRODUCT_NAME = "$(TARGET_NAME)";
				SWIFT_EMIT_LOC_STRINGS = NO;
				SWIFT_VERSION = 5.0;
				TARGETED_DEVICE_FAMILY = "1,2";
				TEST_TARGET_NAME = Kickertrainer;
			};
			name = Release;
		};
/* End XCBuildConfiguration section */

/* Begin XCConfigurationList section */
		7A174A8F29CB22E7003A6787 /* Build configuration list for PBXProject "Kickertrainer" */ = {
			isa = XCConfigurationList;
			buildConfigurations = (
				7A174AB629CB22E9003A6787 /* Debug */,
				7A174AB729CB22E9003A6787 /* Release */,
			);
			defaultConfigurationIsVisible = 0;
			defaultConfigurationName = Release;
		};
		7A174AB829CB22E9003A6787 /* Build configuration list for PBXNativeTarget "Kickertrainer" */ = {
			isa = XCConfigurationList;
			buildConfigurations = (
				7A174AB929CB22E9003A6787 /* Debug */,
				7A174ABA29CB22E9003A6787 /* Release */,
			);
			defaultConfigurationIsVisible = 0;
			defaultConfigurationName = Release;
		};
		7A174ABB29CB22E9003A6787 /* Build configuration list for PBXNativeTarget "KickertrainerTests" */ = {
			isa = XCConfigurationList;
			buildConfigurations = (
				7A174ABC29CB22E9003A6787 /* Debug */,
				7A174ABD29CB22E9003A6787 /* Release */,
			);
			defaultConfigurationIsVisible = 0;
			defaultConfigurationName = Release;
		};
		7A174ABE29CB22E9003A6787 /* Build configuration list for PBXNativeTarget "KickertrainerUITests" */ = {
			isa = XCConfigurationList;
			buildConfigurations = (
				7A174ABF29CB22E9003A6787 /* Debug */,
				7A174AC029CB22E9003A6787 /* Release */,
			);
			defaultConfigurationIsVisible = 0;
			defaultConfigurationName = Release;
		};
/* End XCConfigurationList section */
	};
	rootObject = 7A174A8C29CB22E7003A6787 /* Project object */;
}
